annotated-types==0.8.0 --hash=sha256:f072f4d804ea359e4eaf198b1af7a8b0943881a87f31bb764f8bf219bb9419e0
anyio==4.15.1 --hash=sha256:6152fdbbf9a77fdec97731721bebf7c4c44f7c29b424b0065826173efc7ed101
brotli==1.2.0 --hash=sha256:b63daa43d82f0cdabf98dee215b375b4058cce72871fd07934f179885aad16e8
cffi==2.1.1 --hash=sha256:1aa5645c30469b09530c4ebca77ebf8f17618293c58f8549cb1a543a50236e7d
charset-normalizer==3.5.2 --hash=sha256:78456a747de8dc58360ffa581f30a002baf5aa28cb262536545e91f113ed7639
cryptography==50.0.2 --hash=sha256:7afa5a6602a9f29af1f3a2965f831bae7c9d5d597b7cbb716d41ab3b7d89879c
h11==0.16.0 --hash=sha256:63cf8bbe7522de3bf65932fda1d9c2772064ffb3dae62d55932da54b31cb6c86
idna==3.20 --hash=sha256:ab7ae7122974553370f0bdb919e1a960b2cd1bc1ef0276416d896db81c14582c
jh2==5.0.15 --hash=sha256:5a32cd4bb2fc7f03315b3415b0d1f37b204f4334b352e68c25e3e31f0750b7cc
jsonpath-ng==1.8.0 --hash=sha256:b8dde192f8af58d646fc031fac9c99fe4d00326afc4148f1f043c601a8cfe138
niquests==3.21.2 --hash=sha256:73e52614a712ee2f4d410bdd29789ca6a4ed031f8961410156e395d42b091208
orjson==3.12.0 --hash=sha256:b85931be5b6763c31283805c9bdaae1ca03ad9f6f12a15f1cbf6745b907932c2
paho-mqtt==2.1.0 --hash=sha256:6db9ba9b34ed5bc6b6e3812718c7e06e2fd7444540df2455d2c51bd58808feee
pycparser==3.0 --hash=sha256:b727414169a36b7d524c1c3e31839a521725078d7b2ff038656844266160a992
pydantic==2.13.5 --hash=sha256:346a034f080da3755d8e9cb5e00e8b07de1d39e4f6e2c87d8ab7cafa0b269a73
pydantic_core==2.46.5 --hash=sha256:15f4a94963c95accac15b7b657bb177d3ad82bb90b0d0526d9a9b85079925db5
qh3==2.0.4 --hash=sha256:53f7180a74db23f5469a610a6bcdf2b29a4ed45e067a40276c83b1cead3816df
qqmusic-api-python==0.8.1 --hash=sha256:3e8aa58124f9330692c4d7a41eb92b0060aa46996f863f5f6784578650c222da
typing_extensions==4.16.0 --hash=sha256:481caa481374e813c1b176ada14e97f1f67a4539ce9cfeb3f350d78d6370c2e8
typing-inspection==0.4.4 --hash=sha256:65b8397ba37ccbce054456aaccddfc91e6e3083c92824df348d96ca832f3f147
urllib3-future==2.25.902 --hash=sha256:88e6f3c19f553931e78f84f011a34220f827c971e6cf06b3a075eaa788c2bf7d
wassima==2.1.4 --hash=sha256:26022272d4618aada0e26df2e79dbc0e034be8be9d6d5396512690ffc6a94e7b
